version = 1
revision = 2
requires-python = ">=3.13"

[[package]]
name = "anyio"
version = "4.11.0"
source = { registry = "https://pypi.org/simple" }
dependencies = [
    { name = "idna" },
    { name = "sniffio" },
]
sdist = { url = "https://files.pythonhosted.org/packages/c6/78/7d432127c41b50bccba979505f272c16cbcadcc33645d5fa3a738110ae75/anyio-4.11.0.tar.gz", hash = "sha256:82a8d0b81e318cc5ce71a5f1f8b5c4e63619620b63141ef8c995fa0db95a57c4", size = 219094, upload-time = "2025-09-23T09:19:12.58Z" }
wheels = [
    { url = "https://files.pythonhosted.org/packages/15/b3/9b1a8074496371342ec1e796a96f99c82c945a339cd81a8e73de28b4cf9e/anyio-4.11.0-py3-none-any.whl", hash = "sha256:0287e96f4d26d4149305414d4e3bc32f0dcd0862365a4bddea19d7a1ec38c4fc", size = 109097, upload-time = "2025-09-23T09:19:10.601Z" },
]

[[package]]
name = "certifi"
version = "2025.10.5"
source = { registry = "https://pypi.org/simple" }
sdist = { url = "https://files.pythonhosted.org/packages/4c/5b/b6ce21586237c77ce67d01dc5507039d444b630dd76611bbca2d8e5dcd91/certifi-2025.10.5.tar.gz", hash = "sha256:47c09d31ccf2acf0be3f701ea53595ee7e0b8fa08801c6624be771df09ae7b43", size = 164519, upload-time = "2025-10-05T04:12:15.808Z" }
wheels = [
    { url = "https://files.pythonhosted.org/packages/e4/37/af0d2ef3967ac0d6113837b44a4f0bfe1328c2b9763bd5b1744520e5cfed/certifi-2025.10.5-py3-none-any.whl", hash = "sha256:0f212c2744a9bb6de0c56639a6f68afe01ecd92d91f14ae897c4fe7bbeeef0de", size = 163286, upload-time = "2025-10-05T04:12:14.03Z" },
]

[[package]]
name = "convex"
version = "0.7.0"
source = { registry = "https://pypi.org/simple" }
sdist = { url = "https://files.pythonhosted.org/packages/b7/94/df84122f1bb468b4de53581dca322346ba119d67d1a72c91a2f9d0e5fc39/convex-0.7.0.tar.gz", hash = "sha256:4b2d3d1aac5c85a1858898ff88527bede549ba10b145b52e84ca3d9b7e02faa7", size = 70156, upload-time = "2024-12-17T01:03:20.162Z" }
wheels = [
    { url = "https://files.pythonhosted.org/packages/5c/4e/1b7a879f89cebfc5ae051c8822afeae20ea83509d1796475c72b2ed55c9d/convex-0.7.0-cp313-cp313t-macosx_10_12_x86_64.whl", hash = "sha256:7c6d04fab064001aa642c481fb846e7269762ec3695d7125f3aa997a9ad100f1", size = 1347917, upload-time = "2024-12-17T01:02:55.899Z" },
    { url = "https://files.pythonhosted.org/packages/4f/af/ac6b4e6c30c0dfebb518f2e275a44dfe9c8546ac3fe183d68993d6bc97a4/convex-0.7.0-cp313-cp313t-macosx_11_0_arm64.whl", hash = "sha256:d1b246dec360a47116afea464423aff45d268a6563b56f74815b31fdc86f0159", size = 1314337, upload-time = "2024-12-17T01:02:51.433Z" },
    { url = "https://files.pythonhosted.org/packages/fb/9c/4a74df6d79e56ca1a6a11a6efbffa7c803c555deb0c73777560c074579bd/convex-0.7.0-cp313-cp313t-manylinux_2_17_aarch64.manylinux2014_aarch64.whl", hash = "sha256:2a06a203b52d140c2d5eeb8e6d73fb11b832d427e2afa691c723516165f3eb35", size = 3701275, upload-time = "2024-12-17T01:02:08.148Z" },
    { url = "https://files.pythonhosted.org/packages/b7/ef/fd9a72e61370d2c19d1e75837fda26b9738ea9adc32468c9776c4a522939/convex-0.7.0-cp313-cp313t-manylinux_2_17_armv7l.manylinux2014_armv7l.whl", hash = "sha256:585a0fcd3e88645c1f4e7f95521c589c837244ab119127f4e95d5a9ef1998808", size = 3014733, upload-time = "2024-12-17T01:02:16.061Z" },
    { url = "https://files.pythonhosted.org/packages/b1/e3/b79e1df0617324558796c6b8ef48f1f198488757f49a0335605242a04f71/convex-0.7.0-cp313-cp313t-manylinux_2_17_i686.manylinux2014_i686.whl", hash = "sha256:9153e86becbdb70511b223c163aaad4bc0e062c20dc016452394643de7813296", size = 3498835, upload-time = "2024-12-17T01:02:37.454Z" },
    { url = "https://files.pythonhosted.org/packages/da/4c/40350a529e7e3debdc38c86e15ff6bd70b36c00ba675f031817085ebc037/convex-0.7.0-cp313-cp313t-manylinux_2_17_ppc64le.manylinux2014_ppc64le.whl", hash = "sha256:962b5f44265ffaadd1c33fa57d4290b331f45d761d3c8b688f274e794f79c61d", size = 3366546, upload-time = "2024-12-17T01:02:25.245Z" },
    { url = "https://files.pythonhosted.org/packages/a3/d3/369faacef6d2b0ed9f941889ef4ab535c14ae585b53c51604f41a52f6aa0/convex-0.7.0-cp313-cp313t-manylinux_2_17_s390x.manylinux2014_s390x.whl", hash = "sha256:c309934dc6f436de9ffa5ac5f8084579e25a444b5dbf425c10b1e81a033f5a6a", size = 3440288, upload-time = "2024-12-17T01:02:32.226Z" },
    { url = "https://files.pythonhosted.org/packages/7f/32/2f35e3ae6b12b4f40541b040f54fe9a991869617dec9604a0dc49188fadf/convex-0.7.0-cp313-cp313t-manylinux_2_17_x86_64.manylinux2014_x86_64.whl", hash = "sha256:89e66d980afb375dd4292d68aa85b397116b3c0d6bd59eece7ca21296c5e3253", size = 3488099, upload-time = "2024-12-17T01:02:42.086Z" },
    { url = "https://files.pythonhosted.org/packages/a0/8f/6074e8feda384d4cffab88f818e175d0df79541f798eb709d7d00d59a71e/convex-0.7.0-cp313-cp313t-musllinux_1_2_aarch64.whl", hash = "sha256:d1be21b31c54675b82434482e8c0b73c5043f5421e5bfd5525f117760f8d5de0", size = 4043104, upload-time = "2024-12-17T01:03:01.368Z" },
    { url = "https://files.pythonhosted.org/packages/16/5b/5ba70e5ebda026f8a32a52607f6b123029f40b994702a97c9c926b71cae3/convex-0.7.0-cp313-cp313t-musllinux_1_2_armv7l.whl", hash = "sha256:c01739f99c236a86627580c665c2a5a43427e233b9285f25de324ec154cb8bce", size = 3326298, upload-time = "2024-12-17T01:03:05.525Z" },
    { url = "https://files.pythonhosted.org/packages/c6/a1/e9529e730a49eaa0ca4443c764264fe61f8a26ef3f5777c0fde7fd3c2581/convex-0.7.0-cp313-cp313t-musllinux_1_2_i686.whl", hash = "sha256:4fa6abbdac65a3f6897199ea85528bd0dd51e20375ea8c1047da8472bb33d73e", size = 3589852, upload-time = "2024-12-17T01:03:09.793Z" },
    { url = "https://files.pythonhosted.org/packages/42/37/903ef4fd91ba69d79f018047fa683fc4efb02153bc45a0277ade70e64931/convex-0.7.0-cp313-cp313t-musllinux_1_2_x86_64.whl", hash = "sha256:5f856a201c9be7b73d3931acc6af4476b0b339d0c270304304cd0de11dfcde0c", size = 3635847, upload-time = "2024-12-17T01:03:14.868Z" },
    { url = "https://files.pythonhosted.org/packages/9a/7e/032c346a5a5bafa0ad3e642eb4d62bad3d264f4e9648c839a181616942e2/convex-0.7.0-cp39-abi3-macosx_10_12_x86_64.whl", hash = "sha256:e582dcad6753e6525ff1deb27d3f068ac1be03d489ede256a01c64a698bc3bc3", size = 1347870, upload-time = "2024-12-17T01:02:57.837Z" },
    { url = "https://files.pythonhosted.org/packages/cc/72/9541103fa944b5a6c03a8853556e5ae28d01b2ba72625b41b7dc16efe6e4/convex-0.7.0-cp39-abi3-macosx_11_0_arm64.whl", hash = "sha256:26712bcd84b604aabf3c465475355b877fc95e4921c733f59570ed4101e791e7", size = 1314291, upload-time = "2024-12-17T01:02:53.608Z" },
    { url = "https://files.pythonhosted.org/packages/f3/38/dbc90a2f9d716fdeea84d65b647810d589fc66edb16103eb157024bf279b/convex-0.7.0-cp39-abi3-manylinux_2_17_aarch64.manylinux2014_aarch64.whl", hash = "sha256:231b134daf26dc47e8da59f7678a933abc26706962ea166549bd9db8925a000d", size = 3701204, upload-time = "2024-12-17T01:02:12.475Z" },
    { url = "https://files.pythonhosted.org/packages/a2/a8/6adeb06d7abc2b67fcd32ee5019581a3caccf52823b9a37f33123fb7d40b/convex-0.7.0-cp39-abi3-manylinux_2_17_armv7l.manylinux2014_armv7l.whl", hash = "sha256:b47db8e0544cb28778850bfb036f64f3641aaec0e2fc3c1da5bdace0760464d0", size = 3014654, upload-time = "2024-12-17T01:02:20.424Z" },
    { url = "https://files.pythonhosted.org/packages/45/21/6bb57cc2b490eb2f46a99249a9bfaae4323dadae38813a997a67e6e44eb2/convex-0.7.0-cp39-abi3-manylinux_2_17_i686.manylinux2014_i686.whl", hash = "sha256:4604236db3177b3e8b74dd478361eaba1777467e9be031d9be3a342562dc6258", size = 3504604, upload-time = "2024-12-17T01:02:39.785Z" },
    { url = "https://files.pythonhosted.org/packages/3b/c5/d44575812e02fe9dd2b350dc57ad50177fa8410a12b0cc26237c14c62916/convex-0.7.0-cp39-abi3-manylinux_2_17_ppc64le.manylinux2014_ppc64le.whl", hash = "sha256:7dce0f6f04e63d2254b5a4c377cd9e9849282d2358496c44584faa95c604e7a6", size = 3366464, upload-time = "2024-12-17T01:02:27.786Z" },
    { url = "https://files.pythonhosted.org/packages/66/cc/879a3b0a39f623c4b6b7c9a3f60486da313a4731dcb9438af39d2f846ec9/convex-0.7.0-cp39-abi3-manylinux_2_17_s390x.manylinux2014_s390x.whl", hash = "sha256:eb0ca333418d5e66909e45a97804ed91c2e06010d1d75c14e54a404827a1b784", size = 3440217, upload-time = "2024-12-17T01:02:34.904Z" },
    { url = "https://files.pythonhosted.org/packages/80/ef/61be9ff389244e632e90d21b26f2d230e3f863ca169136c8c58557e15503/convex-0.7.0-cp39-abi3-manylinux_2_17_x86_64.manylinux2014_x86_64.whl", hash = "sha256:4b0d1539696b0154f4fc8f945d87fec9db9e0a37aa9fd1b2f0e2bd6d20609d0e", size = 3493700, upload-time = "2024-12-17T01:02:47.958Z" },
    { url = "https://files.pythonhosted.org/packages/f7/a6/d86b8117d1eda3351ed70221e7040c68ef874fc2b227a834ba11f3d79f74/convex-0.7.0-cp39-abi3-musllinux_1_2_aarch64.whl", hash = "sha256:db1a905863f67406a30bd7d0ada12e80586054fab945e1a1ffdb4dbc664d6e98", size = 4043024, upload-time = "2024-12-17T01:03:03.488Z" },
    { url = "https://files.pythonhosted.org/packages/4d/3b/81478653e4ca69038f05796faf0360fddbec276e0f9c2992a60e72996d7b/convex-0.7.0-cp39-abi3-musllinux_1_2_armv7l.whl", hash = "sha256:3a877c5bdd43a245436b1915088153000ade533dbee0a1a275d422e9a05f50a1", size = 3326214, upload-time = "2024-12-17T01:03:07.661Z" },
    { url = "https://files.pythonhosted.org/packages/45/3f/082b647a3af549e606122c078bac07395c2d64711dc17a325ba32bac64fb/convex-0.7.0-cp39-abi3-musllinux_1_2_i686.whl", hash = "sha256:9de6e493f317f6cf23221adf2e6499097bf181b3af36eb076be52740dcd2530c", size = 3589780, upload-time = "2024-12-17T01:03:12.288Z" },
    { url = "https://files.pythonhosted.org/packages/52/72/9dbf4f84d3dada8bee3a375270a273409117afd00c4c07aa648874308f64/convex-0.7.0-cp39-abi3-musllinux_1_2_x86_64.whl", hash = "sha256:bcbe677b25bce8a1f3b591bc6b899e6804aa673bce964af2808299de668d0720", size = 3635772, upload-time = "2024-12-17T01:03:18.084Z" },
    { url = "https://files.pythonhosted.org/packages/bd/f4/1a37d2d4aeb6ef881bfec1ff0bc62b7ca12c0b4a8de01bd89add17b7fd0c/convex-0.7.0-cp39-abi3-win32.whl", hash = "sha256:6df9f86327d1a2419da2f30e5b692c6e0410266cd342652cd3f61dedbb9258a1", size = 1073656, upload-time = "2024-12-17T01:03:24.798Z" },
    { url = "https://files.pythonhosted.org/packages/5d/a6/b01145a2a25c00024809dedf5fce0dc5e7cb3fbde477112e5569f35ff7d1/convex-0.7.0-cp39-abi3-win_amd64.whl", hash = "sha256:ee71e10a883fed22d2d2d43e828162eb0afe2071699fd36d6b0ba63a9639fee1", size = 1150704, upload-time = "2024-12-17T01:03:22.904Z" },
]

[[package]]
name = "h11"
version = "0.16.0"
source = { registry = "https://pypi.org/simple" }
sdist = { url = "https://files.pythonhosted.org/packages/01/ee/02a2c011bdab74c6fb3c75474d40b3052059d95df7e73351460c8588d963/h11-0.16.0.tar.gz", hash = "sha256:4e35b956cf45792e4caa5885e69fba00bdbc6ffafbfa020300e549b208ee5ff1", size = 101250, upload-time = "2025-04-24T03:35:25.427Z" }
wheels = [
    { url = "https://files.pythonhosted.org/packages/04/4b/29cac41a4d98d144bf5f6d33995617b185d14b22401f75ca86f384e87ff1/h11-0.16.0-py3-none-any.whl", hash = "sha256:63cf8bbe7522de3bf65932fda1d9c2772064ffb3dae62d55932da54b31cb6c86", size = 37515, upload-time = "2025-04-24T03:35:24.344Z" },
]

[[package]]
name = "httpcore"
version = "1.0.9"
source = { registry = "https://pypi.org/simple" }
dependencies = [
    { name = "certifi" },
    { name = "h11" },
]
sdist = { url = "https://files.pythonhosted.org/packages/06/94/82699a10bca87a5556c9c59b5963f2d039dbd239f25bc2a63907a05a14cb/httpcore-1.0.9.tar.gz", hash = "sha256:6e34463af53fd2ab5d807f399a9b45ea31c3dfa2276f15a2c3f00afff6e176e8", size = 85484, upload-time = "2025-04-24T22:06:22.219Z" }
wheels = [
    { url = "https://files.pythonhosted.org/packages/7e/f5/f66802a942d491edb555dd61e3a9961140fd64c90bce1eafd741609d334d/httpcore-1.0.9-py3-none-any.whl", hash = "sha256:2d400746a40668fc9dec9810239072b40b4484b640a8c38fd654a024c7a1bf55", size = 78784, upload-time = "2025-04-24T22:06:20.566Z" },
]

[[package]]
name = "httpx"
version = "0.28.1"
source = { registry = "https://pypi.org/simple" }
dependencies = [
    { name = "anyio" },
    { name = "certifi" },
    { name = "httpcore" },
    { name = "idna" },
]
sdist = { url = "https://files.pythonhosted.org/packages/b1/df/48c586a5fe32a0f01324ee087459e112ebb7224f646c0b5023f5e79e9956/httpx-0.28.1.tar.gz", hash = "sha256:75e98c5f16b0f35b567856f597f06ff2270a374470a5c2392242528e3e3e42fc", size = 141406, upload-time = "2024-12-06T15:37:23.222Z" }
wheels = [
    { url = "https://files.pythonhosted.org/packages/2a/39/e50c7c3a983047577ee07d2a9e53faf5a69493943ec3f6a384bdc792deb2/httpx-0.28.1-py3-none-any.whl", hash = "sha256:d909fcccc110f8c7faf814ca82a9a4d816bc5a6dbfea25d6591d6985b8ba59ad", size = 73517, upload-time = "2024-12-06T15:37:21.509Z" },
]

[[package]]
name = "idna"
version = "3.10"
source = { registry = "https://pypi.org/simple" }
sdist = { url = "https://files.pythonhosted.org/packages/f1/70/7703c29685631f5a7590aa73f1f1d3fa9a380e654b86af429e0934a32f7d/idna-3.10.tar.gz", hash = "sha256:12f65c9b470abda6dc35cf8e63cc574b1c52b11df2c86030af0ac09b01b13ea9", size = 190490, upload-time = "2024-09-15T18:07:39.745Z" }
wheels = [
    { url = "https://files.pythonhosted.org/packages/76/c6/c88e154df9c4e1a2a66ccf0005a88dfb2650c1dffb6f5ce603dfbd452ce3/idna-3.10-py3-none-any.whl", hash = "sha256:946d195a0d259cbba61165e88e65941f16e9b36ea6ddb97f00452bae8b1287d3", size = 70442, upload-time = "2024-09-15T18:07:37.964Z" },
]

[[package]]
name = "markdown-it-py"
version = "4.0.0"
source = { registry = "https://pypi.org/simple" }
dependencies = [
    { name = "mdurl" },
]
sdist = { url = "https://files.pythonhosted.org/packages/5b/f5/4ec618ed16cc4f8fb3b701563655a69816155e79e24a17b651541804721d/markdown_it_py-4.0.0.tar.gz", hash = "sha256:cb0a2b4aa34f932c007117b194e945bd74e0ec24133ceb5bac59009cda1cb9f3", size = 73070, upload-time = "2025-08-11T12:57:52.854Z" }
wheels = [
    { url = "https://files.pythonhosted.org/packages/94/54/e7d793b573f298e1c9013b8c4dade17d481164aa517d1d7148619c2cedbf/markdown_it_py-4.0.0-py3-none-any.whl", hash = "sha256:87327c59b172c5011896038353a81343b6754500a08cd7a4973bb48c6d578147", size = 87321, upload-time = "2025-08-11T12:57:51.923Z" },
]

[[package]]
name = "mdurl"
version = "0.1.2"
source = { registry = "https://pypi.org/simple" }
sdist = { url = "https://files.pythonhosted.org/packages/d6/54/cfe61301667036ec958cb99bd3efefba235e65cdeb9c84d24a8293ba1d90/mdurl-0.1.2.tar.gz", hash = "sha256:bb413d29f5eea38f31dd4754dd7377d4465116fb207585f97bf925588687c1ba", size = 8729, upload-time = "2022-08-14T12:40:10.846Z" }
wheels = [
    { url = "https://files.pythonhosted.org/packages/b3/38/89ba8ad64ae25be8de66a6d463314cf1eb366222074cfda9ee839c56a4b4/mdurl-0.1.2-py3-none-any.whl", hash = "sha256:84008a41e51615a49fc9966191ff91509e3c40b939176e643fd50a5c2196b8f8", size = 9979, upload-time = "2022-08-14T12:40:09.779Z" },
]

[[package]]
name = "notsteam"
version = "0.1.0"
source = { virtual = "." }
dependencies = [
    { name = "convex" },
    { name = "httpx" },
    { name = "prompt-toolkit" },
    { name = "python-dotenv" },
    { name = "rich" },
]

[package.metadata]
requires-dist = [
    { name = "convex", specifier = ">=0.7.0" },
    { name = "httpx", specifier = ">=0.28.1" },
    { name = "prompt-toolkit", specifier = ">=3.0.52" },
    { name = "python-dotenv", specifier = ">=1.1.1" },
    { name = "rich", specifier = ">=14.1.0" },
]

[[package]]
name = "prompt-toolkit"
version = "3.0.52"
source = { registry = "https://pypi.org/simple" }
dependencies = [
    { name = "wcwidth" },
]
sdist = { url = "https://files.pythonhosted.org/packages/a1/96/06e01a7b38dce6fe1db213e061a4602dd6032a8a97ef6c1a862537732421/prompt_toolkit-3.0.52.tar.gz", hash = "sha256:28cde192929c8e7321de85de1ddbe736f1375148b02f2e17edd840042b1be855", size = 434198, upload-time = "2025-08-27T15:24:02.057Z" }
wheels = [
    { url = "https://files.pythonhosted.org/packages/84/03/0d3ce49e2505ae70cf43bc5bb3033955d2fc9f932163e84dc0779cc47f48/prompt_toolkit-3.0.52-py3-none-any.whl", hash = "sha256:9aac639a3bbd33284347de5ad8d68ecc044b91a762dc39b7c21095fcd6a19955", size = 391431, upload-time = "2025-08-27T15:23:59.498Z" },
]

[[package]]
name = "pygments"
version = "2.19.2"
source = { registry = "https://pypi.org/simple" }
sdist = { url = "https://files.pythonhosted.org/packages/b0/77/a5b8c569bf593b0140bde72ea885a803b82086995367bf2037de0159d924/pygments-2.19.2.tar.gz", hash = "sha256:636cb2477cec7f8952536970bc533bc43743542f70392ae026374600add5b887", size = 4968631, upload-time = "2025-06-21T13:39:12.283Z" }
wheels = [
    { url = "https://files.pythonhosted.org/packages/c7/21/705964c7812476f378728bdf590ca4b771ec72385c533964653c68e86bdc/pygments-2.19.2-py3-none-any.whl", hash = "sha256:86540386c03d588bb81d44bc3928634ff26449851e99741617ecb9037ee5ec0b", size = 1225217, upload-time = "2025-06-21T13:39:07.939Z" },
]

[[package]]
name = "python-dotenv"
version = "1.1.1"
source = { registry = "https://pypi.org/simple" }
sdist = { url = "https://files.pythonhosted.org/packages/f6/b0/4bc07ccd3572a2f9df7e6782f52b0c6c90dcbb803ac4a167702d7d0dfe1e/python_dotenv-1.1.1.tar.gz", hash = "sha256:a8a6399716257f45be6a007360200409fce5cda2661e3dec71d23dc15f6189ab", size = 41978, upload-time = "2025-06-24T04:21:07.341Z" }
wheels = [
    { url = "https://files.pythonhosted.org/packages/5f/ed/539768cf28c661b5b068d66d96a2f155c4971a5d55684a514c1a0e0dec2f/python_dotenv-1.1.1-py3-none-any.whl", hash = "sha256:31f23644fe2602f88ff55e1f5c79ba497e01224ee7737937930c448e4d0e24dc", size = 20556, upload-time = "2025-06-24T04:21:06.073Z" },
]

[[package]]
name = "rich"
version = "14.1.0"
source = { registry = "https://pypi.org/simple" }
dependencies = [
    { name = "markdown-it-py" },
    { name = "pygments" },
]
sdist = { url = "https://files.pythonhosted.org/packages/fe/75/af448d8e52bf1d8fa6a9d089ca6c07ff4453d86c65c145d0a300bb073b9b/rich-14.1.0.tar.gz", hash = "sha256:e497a48b844b0320d45007cdebfeaeed8db2a4f4bcf49f15e455cfc4af11eaa8", size = 224441, upload-time = "2025-07-25T07:32:58.125Z" }
wheels = [
    { url = "https://files.pythonhosted.org/packages/e3/30/3c4d035596d3cf444529e0b2953ad0466f6049528a879d27534700580395/rich-14.1.0-py3-none-any.whl", hash = "sha256:536f5f1785986d6dbdea3c75205c473f970777b4a0d6c6dd1b696aa05a3fa04f", size = 243368, upload-time = "2025-07-25T07:32:56.73Z" },
]

[[package]]
name = "sniffio"
version = "1.3.1"
source = { registry = "https://pypi.org/simple" }
sdist = { url = "https://files.pythonhosted.org/packages/a2/87/a6771e1546d97e7e041b6ae58d80074f81b7d5121207425c964ddf5cfdbd/sniffio-1.3.1.tar.gz", hash = "sha256:f4324edc670a0f49750a81b895f35c3adb843cca46f0530f79fc1babb23789dc", size = 20372, upload-time = "2024-02-25T23:20:04.057Z" }
wheels = [
    { url = "https://files.pythonhosted.org/packages/e9/44/75a9c9421471a6c4805dbf2356f7c181a29c1879239abab1ea2cc8f38b40/sniffio-1.3.1-py3-none-any.whl", hash = "sha256:2f6da418d1f1e0fddd844478f41680e794e6051915791a034ff65e5f100525a2", size = 10235, upload-time = "2024-02-25T23:20:01.196Z" },
]

[[package]]
name = "wcwidth"
version = "0.2.14"
source = { registry = "https://pypi.org/simple" }
sdist = { url = "https://files.pythonhosted.org/packages/24/30/6b0809f4510673dc723187aeaf24c7f5459922d01e2f794277a3dfb90345/wcwidth-0.2.14.tar.gz", hash = "sha256:4d478375d31bc5395a3c55c40ccdf3354688364cd61c4f6adacaa9215d0b3605", size = 102293, upload-time = "2025-09-22T16:29:53.023Z" }
wheels = [
    { url = "https://files.pythonhosted.org/packages/af/b5/123f13c975e9f27ab9c0770f514345bd406d0e8d3b7a0723af9d43f710af/wcwidth-0.2.14-py2.py3-none-any.whl", hash = "sha256:a7bb560c8aee30f9957e5f9895805edd20602f2d7f720186dfd906e82b4982e1", size = 37286, upload-time = "2025-09-22T16:29:51.641Z" },
]
